
Microsoft Visual Studio Solution File, Format Version 12.00
# Visual Studio Version 17
VisualStudioVersion = 17.5.33424.131
MinimumVisualStudioVersion = 10.0.40219.1
Project("{F184B08F-C81C-45F6-A57F-5ABD9991F28F}") = "VB-Realtime Line Drawing", "VB-Realtime Line Drawing.vbproj", "{FB0C9CE9-9314-4D47-9D21-38D0BF7D9E75}"
EndProject
Global
	GlobalSection(SolutionConfigurationPlatforms) = preSolution
		Debug|Any CPU = Debug|Any CPU
		Debug|x64 = Debug|x64
		Debug|x86 = Debug|x86
		Release|Any CPU = Release|Any CPU
		Release|x64 = Release|x64
		Release|x86 = Release|x86
	EndGlobalSection
	GlobalSection(ProjectConfigurationPlatforms) = postSolution
		{FB0C9CE9-9314-4D47-9D21-38D0BF7D9E75}.Debug|Any CPU.ActiveCfg = Debug|Any CPU
		{FB0C9CE9-9314-4D47-9D21-38D0BF7D9E75}.Debug|Any CPU.Build.0 = Debug|Any CPU
		{FB0C9CE9-9314-4D47-9D21-38D0BF7D9E75}.Debug|x64.ActiveCfg = Debug|x64
		{FB0C9CE9-9314-4D47-9D21-38D0BF7D9E75}.Debug|x64.Build.0 = Debug|x64
		{FB0C9CE9-9314-4D47-9D21-38D0BF7D9E75}.Debug|x86.ActiveCfg = Debug|x86
		{FB0C9CE9-9314-4D47-9D21-38D0BF7D9E75}.Debug|x86.Build.0 = Debug|x86
		{FB0C9CE9-9314-4D47-9D21-38D0BF7D9E75}.Release|Any CPU.ActiveCfg = Release|Any CPU
		{FB0C9CE9-9314-4D47-9D21-38D0BF7D9E75}.Release|Any CPU.Build.0 = Release|Any CPU
		{FB0C9CE9-9314-4D47-9D21-38D0BF7D9E75}.Release|x64.ActiveCfg = Release|x64
		{FB0C9CE9-9314-4D47-9D21-38D0BF7D9E75}.Release|x64.Build.0 = Release|x64
		{FB0C9CE9-9314-4D47-9D21-38D0BF7D9E75}.Release|x86.ActiveCfg = Release|x86
		{FB0C9CE9-9314-4D47-9D21-38D0BF7D9E75}.Release|x86.Build.0 = Release|x86
	EndGlobalSection
	GlobalSection(SolutionProperties) = preSolution
		HideSolutionNode = FALSE
	EndGlobalSection
	GlobalSection(ExtensibilityGlobals) = postSolution
		SolutionGuid = {9A0964D2-A99D-415F-8F38-D8B8250DCB73}
	EndGlobalSection
EndGlobal
