
Microsoft Visual Studio Solution File, Format Version 12.00
# Visual Studio Version 17
VisualStudioVersion = 17.5.33424.131
MinimumVisualStudioVersion = 10.0.40219.1
Project("{F184B08F-C81C-45F6-A57F-5ABD9991F28F}") = "VB-OMR", "VB-OMR.vbproj", "{87F33351-1292-4621-B88F-E9F8261EA35D}"
EndProject
Global
	GlobalSection(SolutionConfigurationPlatforms) = preSolution
		Debug|Any CPU = Debug|Any CPU
		Debug|x64 = Debug|x64
		Debug|x86 = Debug|x86
		Release|Any CPU = Release|Any CPU
		Release|x64 = Release|x64
		Release|x86 = Release|x86
	EndGlobalSection
	GlobalSection(ProjectConfigurationPlatforms) = postSolution
		{87F33351-1292-4621-B88F-E9F8261EA35D}.Debug|Any CPU.ActiveCfg = Debug|Any CPU
		{87F33351-1292-4621-B88F-E9F8261EA35D}.Debug|Any CPU.Build.0 = Debug|Any CPU
		{87F33351-1292-4621-B88F-E9F8261EA35D}.Debug|x64.ActiveCfg = Debug|x64
		{87F33351-1292-4621-B88F-E9F8261EA35D}.Debug|x64.Build.0 = Debug|x64
		{87F33351-1292-4621-B88F-E9F8261EA35D}.Debug|x86.ActiveCfg = Debug|x86
		{87F33351-1292-4621-B88F-E9F8261EA35D}.Debug|x86.Build.0 = Debug|x86
		{87F33351-1292-4621-B88F-E9F8261EA35D}.Release|Any CPU.ActiveCfg = Release|Any CPU
		{87F33351-1292-4621-B88F-E9F8261EA35D}.Release|Any CPU.Build.0 = Release|Any CPU
		{87F33351-1292-4621-B88F-E9F8261EA35D}.Release|x64.ActiveCfg = Release|x64
		{87F33351-1292-4621-B88F-E9F8261EA35D}.Release|x64.Build.0 = Release|x64
		{87F33351-1292-4621-B88F-E9F8261EA35D}.Release|x86.ActiveCfg = Release|x86
		{87F33351-1292-4621-B88F-E9F8261EA35D}.Release|x86.Build.0 = Release|x86
	EndGlobalSection
	GlobalSection(SolutionProperties) = preSolution
		HideSolutionNode = FALSE
	EndGlobalSection
	GlobalSection(ExtensibilityGlobals) = postSolution
		SolutionGuid = {86B44365-E1B5-4EB4-943D-1456D3213D88}
	EndGlobalSection
EndGlobal
