
Microsoft Visual Studio Solution File, Format Version 12.00
# Visual Studio Version 16
VisualStudioVersion = 16.0.29324.140
MinimumVisualStudioVersion = 10.0.40219.1
Project("{FAE04EC0-301F-11D3-BF4B-00C04F79EFBC}") = "CS-PDF to PDF-OCR", "CS-PDF to PDF-OCR.csproj", "{0D49F141-9692-4884-A29D-E6FA76710777}"
EndProject
Global
	GlobalSection(SolutionConfigurationPlatforms) = preSolution
		Debug|Any CPU = Debug|Any CPU
		Release|Any CPU = Release|Any CPU
	EndGlobalSection
	GlobalSection(ProjectConfigurationPlatforms) = postSolution
		{0D49F141-9692-4884-A29D-E6FA76710777}.Debug|Any CPU.ActiveCfg = Debug|Any CPU
		{0D49F141-9692-4884-A29D-E6FA76710777}.Debug|Any CPU.Build.0 = Debug|Any CPU
		{0D49F141-9692-4884-A29D-E6FA76710777}.Release|Any CPU.ActiveCfg = Release|Any CPU
		{0D49F141-9692-4884-A29D-E6FA76710777}.Release|Any CPU.Build.0 = Release|Any CPU
	EndGlobalSection
	GlobalSection(SolutionProperties) = preSolution
		HideSolutionNode = FALSE
	EndGlobalSection
	GlobalSection(ExtensibilityGlobals) = postSolution
		SolutionGuid = {D941E2DD-1F34-4324-83C6-7D678DF366AE}
	EndGlobalSection
EndGlobal
