
Microsoft Visual Studio Solution File, Format Version 12.00
# Visual Studio Version 16
VisualStudioVersion = 16.0.29728.190
MinimumVisualStudioVersion = 10.0.40219.1
Project("{FAE04EC0-301F-11D3-BF4B-00C04F79EFBC}") = "DocuViewareDemo", "DocuViewareDemo\DocuViewareDemo.csproj", "{6C797262-170D-4192-9D38-37AFA25F5747}"
EndProject
Global
	GlobalSection(SolutionConfigurationPlatforms) = preSolution
		Debug|Any CPU = Debug|Any CPU
		Release|Any CPU = Release|Any CPU
	EndGlobalSection
	GlobalSection(ProjectConfigurationPlatforms) = postSolution
		{6C797262-170D-4192-9D38-37AFA25F5747}.Debug|Any CPU.ActiveCfg = Debug|Any CPU
		{6C797262-170D-4192-9D38-37AFA25F5747}.Debug|Any CPU.Build.0 = Debug|Any CPU
		{6C797262-170D-4192-9D38-37AFA25F5747}.Release|Any CPU.ActiveCfg = Release|Any CPU
		{6C797262-170D-4192-9D38-37AFA25F5747}.Release|Any CPU.Build.0 = Release|Any CPU
	EndGlobalSection
	GlobalSection(SolutionProperties) = preSolution
		HideSolutionNode = FALSE
	EndGlobalSection
	GlobalSection(ExtensibilityGlobals) = postSolution
		SolutionGuid = {EDE8AE71-49FB-46D0-B66E-4197A17B6F0A}
	EndGlobalSection
EndGlobal
