
Microsoft Visual Studio Solution File, Format Version 12.00
# Visual Studio Version 17
VisualStudioVersion = 17.4.33213.308
MinimumVisualStudioVersion = 10.0.40219.1
Project("{FAE04EC0-301F-11D3-BF4B-00C04F79EFBC}") = "Csharp-Document Viewer.WPF", "Csharp-Document Viewer.WPF.csproj", "{A6FC79EF-E0C4-42C5-9045-06D09B44B255}"
EndProject
Global
	GlobalSection(SolutionConfigurationPlatforms) = preSolution
		Debug|Any CPU = Debug|Any CPU
		Release|Any CPU = Release|Any CPU
	EndGlobalSection
	GlobalSection(ProjectConfigurationPlatforms) = postSolution
		{A6FC79EF-E0C4-42C5-9045-06D09B44B255}.Debug|Any CPU.ActiveCfg = Debug|Any CPU
		{A6FC79EF-E0C4-42C5-9045-06D09B44B255}.Debug|Any CPU.Build.0 = Debug|Any CPU
		{A6FC79EF-E0C4-42C5-9045-06D09B44B255}.Release|Any CPU.ActiveCfg = Release|Any CPU
		{A6FC79EF-E0C4-42C5-9045-06D09B44B255}.Release|Any CPU.Build.0 = Release|Any CPU
	EndGlobalSection
	GlobalSection(SolutionProperties) = preSolution
		HideSolutionNode = FALSE
	EndGlobalSection
	GlobalSection(ExtensibilityGlobals) = postSolution
		SolutionGuid = {E80B4E9E-3290-4D0C-B3E2-245EAE7917F8}
	EndGlobalSection
EndGlobal
