
Microsoft Visual Studio Solution File, Format Version 12.00
# Visual Studio Version 17
VisualStudioVersion = 17.4.33213.308
MinimumVisualStudioVersion = 10.0.40219.1
Project("{FAE04EC0-301F-11D3-BF4B-00C04F79EFBC}") = "Csharp-MICR.WPF", "Csharp-MICR.WPF.csproj", "{111A53E7-88C1-4AD2-BE19-1C875140BD2A}"
EndProject
Global
	GlobalSection(SolutionConfigurationPlatforms) = preSolution
		Debug|Any CPU = Debug|Any CPU
		Debug|x86 = Debug|x86
		Release|Any CPU = Release|Any CPU
		Release|x86 = Release|x86
	EndGlobalSection
	GlobalSection(ProjectConfigurationPlatforms) = postSolution
		{111A53E7-88C1-4AD2-BE19-1C875140BD2A}.Debug|Any CPU.ActiveCfg = Debug|Any CPU
		{111A53E7-88C1-4AD2-BE19-1C875140BD2A}.Debug|Any CPU.Build.0 = Debug|Any CPU
		{111A53E7-88C1-4AD2-BE19-1C875140BD2A}.Debug|x86.ActiveCfg = Debug|x86
		{111A53E7-88C1-4AD2-BE19-1C875140BD2A}.Debug|x86.Build.0 = Debug|x86
		{111A53E7-88C1-4AD2-BE19-1C875140BD2A}.Release|Any CPU.ActiveCfg = Release|Any CPU
		{111A53E7-88C1-4AD2-BE19-1C875140BD2A}.Release|Any CPU.Build.0 = Release|Any CPU
		{111A53E7-88C1-4AD2-BE19-1C875140BD2A}.Release|x86.ActiveCfg = Release|x86
		{111A53E7-88C1-4AD2-BE19-1C875140BD2A}.Release|x86.Build.0 = Release|x86
	EndGlobalSection
	GlobalSection(SolutionProperties) = preSolution
		HideSolutionNode = FALSE
	EndGlobalSection
	GlobalSection(ExtensibilityGlobals) = postSolution
		SolutionGuid = {AF677EBD-B352-4C05-9EBC-FED748C5C412}
	EndGlobalSection
EndGlobal
