
Microsoft Visual Studio Solution File, Format Version 12.00
# Visual Studio Version 17
VisualStudioVersion = 17.4.33213.308
MinimumVisualStudioVersion = 10.0.40219.1
Project("{FAE04EC0-301F-11D3-BF4B-00C04F79EFBC}") = "Csharp-Binarization.WPF", "Csharp-Binarization.WPF.csproj", "{9D4A7EDC-096D-4220-9BC8-95CE04C8FE6D}"
EndProject
Global
	GlobalSection(SolutionConfigurationPlatforms) = preSolution
		Debug|Any CPU = Debug|Any CPU
		Release|Any CPU = Release|Any CPU
	EndGlobalSection
	GlobalSection(ProjectConfigurationPlatforms) = postSolution
		{9D4A7EDC-096D-4220-9BC8-95CE04C8FE6D}.Debug|Any CPU.ActiveCfg = Debug|Any CPU
		{9D4A7EDC-096D-4220-9BC8-95CE04C8FE6D}.Debug|Any CPU.Build.0 = Debug|Any CPU
		{9D4A7EDC-096D-4220-9BC8-95CE04C8FE6D}.Release|Any CPU.ActiveCfg = Release|Any CPU
		{9D4A7EDC-096D-4220-9BC8-95CE04C8FE6D}.Release|Any CPU.Build.0 = Release|Any CPU
	EndGlobalSection
	GlobalSection(SolutionProperties) = preSolution
		HideSolutionNode = FALSE
	EndGlobalSection
	GlobalSection(ExtensibilityGlobals) = postSolution
		SolutionGuid = {26011FD9-421B-4FB6-9642-2AA4641ED196}
	EndGlobalSection
EndGlobal
