
Microsoft Visual Studio Solution File, Format Version 12.00
# Visual Studio Version 17
VisualStudioVersion = 17.5.33424.131
MinimumVisualStudioVersion = 10.0.40219.1
Project("{F184B08F-C81C-45F6-A57F-5ABD9991F28F}") = "VB-Rotating By Angle", "VB-Rotating By Angle.vbproj", "{F87CEED2-AF13-4612-B1DF-AB325D35178C}"
EndProject
Global
	GlobalSection(SolutionConfigurationPlatforms) = preSolution
		Debug|Any CPU = Debug|Any CPU
		Debug|x64 = Debug|x64
		Debug|x86 = Debug|x86
		Release|Any CPU = Release|Any CPU
		Release|x64 = Release|x64
		Release|x86 = Release|x86
	EndGlobalSection
	GlobalSection(ProjectConfigurationPlatforms) = postSolution
		{F87CEED2-AF13-4612-B1DF-AB325D35178C}.Debug|Any CPU.ActiveCfg = Debug|Any CPU
		{F87CEED2-AF13-4612-B1DF-AB325D35178C}.Debug|Any CPU.Build.0 = Debug|Any CPU
		{F87CEED2-AF13-4612-B1DF-AB325D35178C}.Debug|x64.ActiveCfg = Debug|x64
		{F87CEED2-AF13-4612-B1DF-AB325D35178C}.Debug|x64.Build.0 = Debug|x64
		{F87CEED2-AF13-4612-B1DF-AB325D35178C}.Debug|x86.ActiveCfg = Debug|x86
		{F87CEED2-AF13-4612-B1DF-AB325D35178C}.Debug|x86.Build.0 = Debug|x86
		{F87CEED2-AF13-4612-B1DF-AB325D35178C}.Release|Any CPU.ActiveCfg = Release|Any CPU
		{F87CEED2-AF13-4612-B1DF-AB325D35178C}.Release|Any CPU.Build.0 = Release|Any CPU
		{F87CEED2-AF13-4612-B1DF-AB325D35178C}.Release|x64.ActiveCfg = Release|x64
		{F87CEED2-AF13-4612-B1DF-AB325D35178C}.Release|x64.Build.0 = Release|x64
		{F87CEED2-AF13-4612-B1DF-AB325D35178C}.Release|x86.ActiveCfg = Release|x86
		{F87CEED2-AF13-4612-B1DF-AB325D35178C}.Release|x86.Build.0 = Release|x86
	EndGlobalSection
	GlobalSection(SolutionProperties) = preSolution
		HideSolutionNode = FALSE
	EndGlobalSection
	GlobalSection(ExtensibilityGlobals) = postSolution
		SolutionGuid = {5AB8B133-3FD6-4009-8B6D-4848CFDF5E98}
	EndGlobalSection
EndGlobal
