
Microsoft Visual Studio Solution File, Format Version 12.00
# Visual Studio Version 17
VisualStudioVersion = 17.4.33213.308
MinimumVisualStudioVersion = 10.0.40219.1
Project("{FAE04EC0-301F-11D3-BF4B-00C04F79EFBC}") = "Csharp-Barcode Recognition.WPF", "Csharp-Barcode Recognition.WPF.csproj", "{76D7182B-5002-4294-98A0-708397A34FD4}"
EndProject
Global
	GlobalSection(SolutionConfigurationPlatforms) = preSolution
		Debug|Any CPU = Debug|Any CPU
		Release|Any CPU = Release|Any CPU
	EndGlobalSection
	GlobalSection(ProjectConfigurationPlatforms) = postSolution
		{76D7182B-5002-4294-98A0-708397A34FD4}.Debug|Any CPU.ActiveCfg = Debug|Any CPU
		{76D7182B-5002-4294-98A0-708397A34FD4}.Debug|Any CPU.Build.0 = Debug|Any CPU
		{76D7182B-5002-4294-98A0-708397A34FD4}.Release|Any CPU.ActiveCfg = Release|Any CPU
		{76D7182B-5002-4294-98A0-708397A34FD4}.Release|Any CPU.Build.0 = Release|Any CPU
	EndGlobalSection
	GlobalSection(SolutionProperties) = preSolution
		HideSolutionNode = FALSE
	EndGlobalSection
	GlobalSection(ExtensibilityGlobals) = postSolution
		SolutionGuid = {D30F7B01-0E68-45F8-B2FD-5F53AB814282}
	EndGlobalSection
EndGlobal
