
Microsoft Visual Studio Solution File, Format Version 12.00
# Visual Studio Version 17
VisualStudioVersion = 17.5.33424.131
MinimumVisualStudioVersion = 10.0.40219.1
Project("{F184B08F-C81C-45F6-A57F-5ABD9991F28F}") = "VB-PDF to TIFF", "VB-PDF to TIFF.vbproj", "{70F610EE-FD3A-4208-97C4-869FB606C682}"
EndProject
Global
	GlobalSection(SolutionConfigurationPlatforms) = preSolution
		Debug|Any CPU = Debug|Any CPU
		Debug|x64 = Debug|x64
		Debug|x86 = Debug|x86
		Release|Any CPU = Release|Any CPU
		Release|x64 = Release|x64
		Release|x86 = Release|x86
	EndGlobalSection
	GlobalSection(ProjectConfigurationPlatforms) = postSolution
		{70F610EE-FD3A-4208-97C4-869FB606C682}.Debug|Any CPU.ActiveCfg = Debug|Any CPU
		{70F610EE-FD3A-4208-97C4-869FB606C682}.Debug|Any CPU.Build.0 = Debug|Any CPU
		{70F610EE-FD3A-4208-97C4-869FB606C682}.Debug|x64.ActiveCfg = Debug|x64
		{70F610EE-FD3A-4208-97C4-869FB606C682}.Debug|x64.Build.0 = Debug|x64
		{70F610EE-FD3A-4208-97C4-869FB606C682}.Debug|x86.ActiveCfg = Debug|x86
		{70F610EE-FD3A-4208-97C4-869FB606C682}.Debug|x86.Build.0 = Debug|x86
		{70F610EE-FD3A-4208-97C4-869FB606C682}.Release|Any CPU.ActiveCfg = Release|Any CPU
		{70F610EE-FD3A-4208-97C4-869FB606C682}.Release|Any CPU.Build.0 = Release|Any CPU
		{70F610EE-FD3A-4208-97C4-869FB606C682}.Release|x64.ActiveCfg = Release|x64
		{70F610EE-FD3A-4208-97C4-869FB606C682}.Release|x64.Build.0 = Release|x64
		{70F610EE-FD3A-4208-97C4-869FB606C682}.Release|x86.ActiveCfg = Release|x86
		{70F610EE-FD3A-4208-97C4-869FB606C682}.Release|x86.Build.0 = Release|x86
	EndGlobalSection
	GlobalSection(SolutionProperties) = preSolution
		HideSolutionNode = FALSE
	EndGlobalSection
	GlobalSection(ExtensibilityGlobals) = postSolution
		SolutionGuid = {886AEE30-7887-412B-9D93-A6F5CBFA1050}
	EndGlobalSection
EndGlobal
