
Microsoft Visual Studio Solution File, Format Version 12.00
# Visual Studio Version 17
VisualStudioVersion = 17.5.33424.131
MinimumVisualStudioVersion = 10.0.40219.1
Project("{FAE04EC0-301F-11D3-BF4B-00C04F79EFBC}") = "PDF_Reducer", "PDF_Reducer.csproj", "{F2B88B3B-E619-4FB0-B397-E57A041BF707}"
EndProject
Global
	GlobalSection(SolutionConfigurationPlatforms) = preSolution
		Debug|Any CPU = Debug|Any CPU
		Release_Free|Any CPU = Release_Free|Any CPU
		Release_Internal|Any CPU = Release_Internal|Any CPU
		Release_Pro|Any CPU = Release_Pro|Any CPU
	EndGlobalSection
	GlobalSection(ProjectConfigurationPlatforms) = postSolution
		{F2B88B3B-E619-4FB0-B397-E57A041BF707}.Debug|Any CPU.ActiveCfg = Debug|Any CPU
		{F2B88B3B-E619-4FB0-B397-E57A041BF707}.Debug|Any CPU.Build.0 = Debug|Any CPU
		{F2B88B3B-E619-4FB0-B397-E57A041BF707}.Release_Free|Any CPU.ActiveCfg = Release_Free|Any CPU
		{F2B88B3B-E619-4FB0-B397-E57A041BF707}.Release_Free|Any CPU.Build.0 = Release_Free|Any CPU
		{F2B88B3B-E619-4FB0-B397-E57A041BF707}.Release_Internal|Any CPU.ActiveCfg = Release_Internal|Any CPU
		{F2B88B3B-E619-4FB0-B397-E57A041BF707}.Release_Internal|Any CPU.Build.0 = Release_Internal|Any CPU
		{F2B88B3B-E619-4FB0-B397-E57A041BF707}.Release_Pro|Any CPU.ActiveCfg = Release_Pro|Any CPU
		{F2B88B3B-E619-4FB0-B397-E57A041BF707}.Release_Pro|Any CPU.Build.0 = Release_Pro|Any CPU
	EndGlobalSection
	GlobalSection(SolutionProperties) = preSolution
		HideSolutionNode = FALSE
	EndGlobalSection
	GlobalSection(ExtensibilityGlobals) = postSolution
		SolutionGuid = {70C053B0-2435-472B-A1CF-081DD75C28C1}
	EndGlobalSection
EndGlobal
