
Microsoft Visual Studio Solution File, Format Version 12.00
# Visual Studio Version 17
VisualStudioVersion = 17.5.33424.131
MinimumVisualStudioVersion = 10.0.40219.1
Project("{FAE04EC0-301F-11D3-BF4B-00C04F79EFBC}") = "Csharp-Displaying From URL", "Csharp-Displaying From URL.csproj", "{D517A9D2-ADB0-45C8-A902-FFD874369298}"
EndProject
Global
	GlobalSection(SolutionConfigurationPlatforms) = preSolution
		Debug|Any CPU = Debug|Any CPU
		Debug|x64 = Debug|x64
		Debug|x86 = Debug|x86
		Release|Any CPU = Release|Any CPU
		Release|x64 = Release|x64
		Release|x86 = Release|x86
	EndGlobalSection
	GlobalSection(ProjectConfigurationPlatforms) = postSolution
		{D517A9D2-ADB0-45C8-A902-FFD874369298}.Debug|Any CPU.ActiveCfg = Debug|Any CPU
		{D517A9D2-ADB0-45C8-A902-FFD874369298}.Debug|Any CPU.Build.0 = Debug|Any CPU
		{D517A9D2-ADB0-45C8-A902-FFD874369298}.Debug|x64.ActiveCfg = Debug|x64
		{D517A9D2-ADB0-45C8-A902-FFD874369298}.Debug|x64.Build.0 = Debug|x64
		{D517A9D2-ADB0-45C8-A902-FFD874369298}.Debug|x86.ActiveCfg = Debug|x86
		{D517A9D2-ADB0-45C8-A902-FFD874369298}.Debug|x86.Build.0 = Debug|x86
		{D517A9D2-ADB0-45C8-A902-FFD874369298}.Release|Any CPU.ActiveCfg = Release|Any CPU
		{D517A9D2-ADB0-45C8-A902-FFD874369298}.Release|Any CPU.Build.0 = Release|Any CPU
		{D517A9D2-ADB0-45C8-A902-FFD874369298}.Release|x64.ActiveCfg = Release|x64
		{D517A9D2-ADB0-45C8-A902-FFD874369298}.Release|x64.Build.0 = Release|x64
		{D517A9D2-ADB0-45C8-A902-FFD874369298}.Release|x86.ActiveCfg = Release|x86
		{D517A9D2-ADB0-45C8-A902-FFD874369298}.Release|x86.Build.0 = Release|x86
	EndGlobalSection
	GlobalSection(SolutionProperties) = preSolution
		HideSolutionNode = FALSE
	EndGlobalSection
	GlobalSection(ExtensibilityGlobals) = postSolution
		SolutionGuid = {91EC1B67-8DC5-4AF7-9053-757C79B0D441}
	EndGlobalSection
EndGlobal
