
Microsoft Visual Studio Solution File, Format Version 12.00
# Visual Studio Version 17
VisualStudioVersion = 17.4.33213.308
MinimumVisualStudioVersion = 10.0.40219.1
Project("{FAE04EC0-301F-11D3-BF4B-00C04F79EFBC}") = "DocuViewareREST", "DocuViewareREST\DocuViewareREST.csproj", "{ABA263B2-42D9-4274-A30C-F40F1C2ADD66}"
EndProject
Global
	GlobalSection(SolutionConfigurationPlatforms) = preSolution
		Debug|Any CPU = Debug|Any CPU
		Release|Any CPU = Release|Any CPU
	EndGlobalSection
	GlobalSection(ProjectConfigurationPlatforms) = postSolution
		{ABA263B2-42D9-4274-A30C-F40F1C2ADD66}.Debug|Any CPU.ActiveCfg = Debug|Any CPU
		{ABA263B2-42D9-4274-A30C-F40F1C2ADD66}.Debug|Any CPU.Build.0 = Debug|Any CPU
		{ABA263B2-42D9-4274-A30C-F40F1C2ADD66}.Release|Any CPU.ActiveCfg = Release|Any CPU
		{ABA263B2-42D9-4274-A30C-F40F1C2ADD66}.Release|Any CPU.Build.0 = Release|Any CPU
	EndGlobalSection
	GlobalSection(SolutionProperties) = preSolution
		HideSolutionNode = FALSE
	EndGlobalSection
	GlobalSection(ExtensibilityGlobals) = postSolution
		SolutionGuid = {6EB4078D-0B9D-49DD-ACC0-C22FF6F58EA4}
	EndGlobalSection
EndGlobal
