
Microsoft Visual Studio Solution File, Format Version 12.00
# Visual Studio Version 16
VisualStudioVersion = 16.0.29123.88
MinimumVisualStudioVersion = 10.0.40219.1
Project("{FAE04EC0-301F-11D3-BF4B-00C04F79EFBC}") = "DocuViewareCoreDemo", "DocuViewareCoreDemo.csproj", "{383046E9-47FF-41DF-BFEF-0486C305F55E}"
EndProject
Global
	GlobalSection(SolutionConfigurationPlatforms) = preSolution
		Debug|Any CPU = Debug|Any CPU
		Release|Any CPU = Release|Any CPU
	EndGlobalSection
	GlobalSection(ProjectConfigurationPlatforms) = postSolution
		{383046E9-47FF-41DF-BFEF-0486C305F55E}.Debug|Any CPU.ActiveCfg = Debug|Any CPU
		{383046E9-47FF-41DF-BFEF-0486C305F55E}.Debug|Any CPU.Build.0 = Debug|Any CPU
		{383046E9-47FF-41DF-BFEF-0486C305F55E}.Release|Any CPU.ActiveCfg = Release|Any CPU
		{383046E9-47FF-41DF-BFEF-0486C305F55E}.Release|Any CPU.Build.0 = Release|Any CPU
	EndGlobalSection
	GlobalSection(SolutionProperties) = preSolution
		HideSolutionNode = FALSE
	EndGlobalSection
	GlobalSection(ExtensibilityGlobals) = postSolution
		SolutionGuid = {B2F38853-87B1-4CB5-9767-686B7DE36C92}
	EndGlobalSection
EndGlobal
