
Microsoft Visual Studio Solution File, Format Version 12.00
# Visual Studio Version 17
VisualStudioVersion = 17.4.33213.308
MinimumVisualStudioVersion = 10.0.40219.1
Project("{FAE04EC0-301F-11D3-BF4B-00C04F79EFBC}") = "Csharp - Pages Manipulation.WPF", "Csharp - Pages Manipulation.WPF.csproj", "{89B1329A-9C8B-46BD-BC9B-6E5DEABEFDAD}"
EndProject
Global
	GlobalSection(SolutionConfigurationPlatforms) = preSolution
		Debug|Any CPU = Debug|Any CPU
		Release|Any CPU = Release|Any CPU
	EndGlobalSection
	GlobalSection(ProjectConfigurationPlatforms) = postSolution
		{89B1329A-9C8B-46BD-BC9B-6E5DEABEFDAD}.Debug|Any CPU.ActiveCfg = Debug|Any CPU
		{89B1329A-9C8B-46BD-BC9B-6E5DEABEFDAD}.Debug|Any CPU.Build.0 = Debug|Any CPU
		{89B1329A-9C8B-46BD-BC9B-6E5DEABEFDAD}.Release|Any CPU.ActiveCfg = Release|Any CPU
		{89B1329A-9C8B-46BD-BC9B-6E5DEABEFDAD}.Release|Any CPU.Build.0 = Release|Any CPU
	EndGlobalSection
	GlobalSection(SolutionProperties) = preSolution
		HideSolutionNode = FALSE
	EndGlobalSection
	GlobalSection(ExtensibilityGlobals) = postSolution
		SolutionGuid = {1ADCD995-0E85-4BD2-B101-95F0B0DF44E0}
	EndGlobalSection
EndGlobal
