
Microsoft Visual Studio Solution File, Format Version 12.00
# Visual Studio Version 17
VisualStudioVersion = 17.5.33424.131
MinimumVisualStudioVersion = 10.0.40219.1
Project("{F184B08F-C81C-45F6-A57F-5ABD9991F28F}") = "thumbnail_drag_drop", "thumbnail_drag_drop.vbproj", "{BDCFA6FE-D39A-4858-B229-0AE63D8A7D14}"
EndProject
Global
	GlobalSection(SolutionConfigurationPlatforms) = preSolution
		Debug|Any CPU = Debug|Any CPU
		Release|Any CPU = Release|Any CPU
	EndGlobalSection
	GlobalSection(ProjectConfigurationPlatforms) = postSolution
		{BDCFA6FE-D39A-4858-B229-0AE63D8A7D14}.Debug|Any CPU.ActiveCfg = Debug|Any CPU
		{BDCFA6FE-D39A-4858-B229-0AE63D8A7D14}.Debug|Any CPU.Build.0 = Debug|Any CPU
		{BDCFA6FE-D39A-4858-B229-0AE63D8A7D14}.Release|Any CPU.ActiveCfg = Release|Any CPU
		{BDCFA6FE-D39A-4858-B229-0AE63D8A7D14}.Release|Any CPU.Build.0 = Release|Any CPU
	EndGlobalSection
	GlobalSection(SolutionProperties) = preSolution
		HideSolutionNode = FALSE
	EndGlobalSection
	GlobalSection(ExtensibilityGlobals) = postSolution
		SolutionGuid = {0A15BC6A-BBDD-4E65-8BE3-39592EB21134}
	EndGlobalSection
EndGlobal
