
Microsoft Visual Studio Solution File, Format Version 12.00
# Visual Studio Version 17
VisualStudioVersion = 17.5.33424.131
MinimumVisualStudioVersion = 10.0.40219.1
Project("{FAE04EC0-301F-11D3-BF4B-00C04F79EFBC}") = "Segmentation", "Segmentation.csproj", "{09566795-CE1A-4F56-AE0B-37463988A7A8}"
EndProject
Global
	GlobalSection(SolutionConfigurationPlatforms) = preSolution
		Debug|Any CPU = Debug|Any CPU
		Release|Any CPU = Release|Any CPU
	EndGlobalSection
	GlobalSection(ProjectConfigurationPlatforms) = postSolution
		{09566795-CE1A-4F56-AE0B-37463988A7A8}.Debug|Any CPU.ActiveCfg = Debug|Any CPU
		{09566795-CE1A-4F56-AE0B-37463988A7A8}.Debug|Any CPU.Build.0 = Debug|Any CPU
		{09566795-CE1A-4F56-AE0B-37463988A7A8}.Release|Any CPU.ActiveCfg = Release|Any CPU
		{09566795-CE1A-4F56-AE0B-37463988A7A8}.Release|Any CPU.Build.0 = Release|Any CPU
	EndGlobalSection
	GlobalSection(SolutionProperties) = preSolution
		HideSolutionNode = FALSE
	EndGlobalSection
	GlobalSection(ExtensibilityGlobals) = postSolution
		SolutionGuid = {3F988220-A8EC-47DA-B450-F0CD9C093371}
	EndGlobalSection
EndGlobal
